
Microsoft Visual Studio Solution File, Format Version 12.00
# Visual Studio 14
VisualStudioVersion = 14.0.25420.1
MinimumVisualStudioVersion = 10.0.40219.1
Project("{F184B08F-C81C-45F6-A57F-5ABD9991F28F}") = "tdionysius1b1", "tdionysius1b1\tdionysius1b1.vbproj", "{B51AD526-1C88-4F04-921D-DB1E36C2B605}"
EndProject
Project("{F184B08F-C81C-45F6-A57F-5ABD9991F28F}") = "tdionysius1c1", "tdionysius1c1\tdionysius1c1.vbproj", "{5D632F0C-2D3A-43D9-B91E-3536FBB38614}"
EndProject
Project("{911E67C6-3D85-4FCE-B560-20A9C3E3FF48}") = "Bakery", "..\..\..\..\Desktop\Program Stuff\Visual Basic\VB2015\Chap02\Bakery.exe", "{E26C8A5C-840B-4D07-83A9-5D5D23A41A5F}"
	ProjectSection(DebuggerProjectSystem) = preProject
		PortSupplier = 00000000-0000-0000-0000-000000000000
		Executable = C:\Users\Dionysius\Desktop\Program Stuff\Visual Basic\VB2015\Chap02\Bakery.exe
		RemoteMachine = DIONYSIUS-PC
		StartingDirectory = C:\Users\Dionysius\Desktop\Program Stuff\Visual Basic\VB2015\Chap02
		Environment = Default
		LaunchingEngine = 00000000-0000-0000-0000-000000000000
		UseLegacyDebugEngines = No
		LaunchSQLEngine = No
		AttachLaunchAction = No
	EndProjectSection
EndProject
Project("{F184B08F-C81C-45F6-A57F-5ABD9991F28F}") = "tdionysius1e1", "tdionysius1e1\tdionysius1e1.vbproj", "{6561F37D-DF96-41A1-B742-827B6202DC59}"
EndProject
Project("{F184B08F-C81C-45F6-A57F-5ABD9991F28F}") = "tdionysius1f1", "tdionysius1f1\tdionysius1f1.vbproj", "{A40D2B9A-4FA6-4287-96D9-07CE1E5D0210}"
EndProject
Project("{F184B08F-C81C-45F6-A57F-5ABD9991F28F}") = "tdionysius1d1", "..\..\..\..\Desktop\Program Stuff\Visual Basic\VB2015\Chap02\Bakery Solution\Bakery Project\tdionysius1d1.vbproj", "{02D954CE-C867-4D5D-A063-8C08CBDDF69D}"
EndProject
Project("{F184B08F-C81C-45F6-A57F-5ABD9991F28F}") = "tdionysius1g1", "WindowsApplication1\tdionysius1g1.vbproj", "{AF1183C0-C15C-41DF-849C-F63092810A19}"
EndProject
Project("{F184B08F-C81C-45F6-A57F-5ABD9991F28F}") = "tdionysius2e1", "WindowsApplication2\tdionysius2e1.vbproj", "{7ABDF7EA-1296-4145-B667-03824513EC19}"
EndProject
Project("{F184B08F-C81C-45F6-A57F-5ABD9991F28F}") = "tdionysius2f1", "WindowsApplication3\tdionysius2f1.vbproj", "{1E6E0D37-EC23-4B14-839B-48110D379A26}"
EndProject
Project("{F184B08F-C81C-45F6-A57F-5ABD9991F28F}") = "tdionysius2f2", "..\..\..\..\Desktop\Program Stuff\Visual Basic\VB2015\Chap05\Treeline Solution\Treeline Project\tdionysius2f2.vbproj", "{78F6264D-D898-4ADB-B04E-313E7B40952A}"
EndProject
Project("{F184B08F-C81C-45F6-A57F-5ABD9991F28F}") = "tdionysius2g1", "..\..\..\..\Desktop\Program Stuff\Visual Basic\VB2015\Chap05\Jetters Solution\Jetters Project\tdionysius2g1.vbproj", "{B448F313-7C90-44A9-AF5D-8632D3A0B73F}"
EndProject
Global
	GlobalSection(SolutionConfigurationPlatforms) = preSolution
		Debug|Any CPU = Debug|Any CPU
		Debug|x86 = Debug|x86
		Release|Any CPU = Release|Any CPU
		Release|x86 = Release|x86
	EndGlobalSection
	GlobalSection(ProjectConfigurationPlatforms) = postSolution
		{B51AD526-1C88-4F04-921D-DB1E36C2B605}.Debug|Any CPU.ActiveCfg = Debug|Any CPU
		{B51AD526-1C88-4F04-921D-DB1E36C2B605}.Debug|Any CPU.Build.0 = Debug|Any CPU
		{B51AD526-1C88-4F04-921D-DB1E36C2B605}.Debug|x86.ActiveCfg = Debug|Any CPU
		{B51AD526-1C88-4F04-921D-DB1E36C2B605}.Debug|x86.Build.0 = Debug|Any CPU
		{B51AD526-1C88-4F04-921D-DB1E36C2B605}.Release|Any CPU.ActiveCfg = Release|Any CPU
		{B51AD526-1C88-4F04-921D-DB1E36C2B605}.Release|Any CPU.Build.0 = Release|Any CPU
		{B51AD526-1C88-4F04-921D-DB1E36C2B605}.Release|x86.ActiveCfg = Release|Any CPU
		{B51AD526-1C88-4F04-921D-DB1E36C2B605}.Release|x86.Build.0 = Release|Any CPU
		{5D632F0C-2D3A-43D9-B91E-3536FBB38614}.Debug|Any CPU.ActiveCfg = Debug|Any CPU
		{5D632F0C-2D3A-43D9-B91E-3536FBB38614}.Debug|Any CPU.Build.0 = Debug|Any CPU
		{5D632F0C-2D3A-43D9-B91E-3536FBB38614}.Debug|x86.ActiveCfg = Debug|Any CPU
		{5D632F0C-2D3A-43D9-B91E-3536FBB38614}.Debug|x86.Build.0 = Debug|Any CPU
		{5D632F0C-2D3A-43D9-B91E-3536FBB38614}.Release|Any CPU.ActiveCfg = Release|Any CPU
		{5D632F0C-2D3A-43D9-B91E-3536FBB38614}.Release|Any CPU.Build.0 = Release|Any CPU
		{5D632F0C-2D3A-43D9-B91E-3536FBB38614}.Release|x86.ActiveCfg = Release|Any CPU
		{5D632F0C-2D3A-43D9-B91E-3536FBB38614}.Release|x86.Build.0 = Release|Any CPU
		{E26C8A5C-840B-4D07-83A9-5D5D23A41A5F}.Debug|Any CPU.ActiveCfg = Release|x86
		{E26C8A5C-840B-4D07-83A9-5D5D23A41A5F}.Debug|x86.ActiveCfg = Release|x86
		{E26C8A5C-840B-4D07-83A9-5D5D23A41A5F}.Release|Any CPU.ActiveCfg = Release|x86
		{E26C8A5C-840B-4D07-83A9-5D5D23A41A5F}.Release|x86.ActiveCfg = Release|x86
		{6561F37D-DF96-41A1-B742-827B6202DC59}.Debug|Any CPU.ActiveCfg = Debug|Any CPU
		{6561F37D-DF96-41A1-B742-827B6202DC59}.Debug|Any CPU.Build.0 = Debug|Any CPU
		{6561F37D-DF96-41A1-B742-827B6202DC59}.Debug|x86.ActiveCfg = Debug|Any CPU
		{6561F37D-DF96-41A1-B742-827B6202DC59}.Debug|x86.Build.0 = Debug|Any CPU
		{6561F37D-DF96-41A1-B742-827B6202DC59}.Release|Any CPU.ActiveCfg = Release|Any CPU
		{6561F37D-DF96-41A1-B742-827B6202DC59}.Release|Any CPU.Build.0 = Release|Any CPU
		{6561F37D-DF96-41A1-B742-827B6202DC59}.Release|x86.ActiveCfg = Release|Any CPU
		{6561F37D-DF96-41A1-B742-827B6202DC59}.Release|x86.Build.0 = Release|Any CPU
		{A40D2B9A-4FA6-4287-96D9-07CE1E5D0210}.Debug|Any CPU.ActiveCfg = Debug|Any CPU
		{A40D2B9A-4FA6-4287-96D9-07CE1E5D0210}.Debug|Any CPU.Build.0 = Debug|Any CPU
		{A40D2B9A-4FA6-4287-96D9-07CE1E5D0210}.Debug|x86.ActiveCfg = Debug|Any CPU
		{A40D2B9A-4FA6-4287-96D9-07CE1E5D0210}.Debug|x86.Build.0 = Debug|Any CPU
		{A40D2B9A-4FA6-4287-96D9-07CE1E5D0210}.Release|Any CPU.ActiveCfg = Release|Any CPU
		{A40D2B9A-4FA6-4287-96D9-07CE1E5D0210}.Release|Any CPU.Build.0 = Release|Any CPU
		{A40D2B9A-4FA6-4287-96D9-07CE1E5D0210}.Release|x86.ActiveCfg = Release|Any CPU
		{A40D2B9A-4FA6-4287-96D9-07CE1E5D0210}.Release|x86.Build.0 = Release|Any CPU
		{02D954CE-C867-4D5D-A063-8C08CBDDF69D}.Debug|Any CPU.ActiveCfg = Debug|Any CPU
		{02D954CE-C867-4D5D-A063-8C08CBDDF69D}.Debug|Any CPU.Build.0 = Debug|Any CPU
		{02D954CE-C867-4D5D-A063-8C08CBDDF69D}.Debug|x86.ActiveCfg = Debug|Any CPU
		{02D954CE-C867-4D5D-A063-8C08CBDDF69D}.Debug|x86.Build.0 = Debug|Any CPU
		{02D954CE-C867-4D5D-A063-8C08CBDDF69D}.Release|Any CPU.ActiveCfg = Release|Any CPU
		{02D954CE-C867-4D5D-A063-8C08CBDDF69D}.Release|Any CPU.Build.0 = Release|Any CPU
		{02D954CE-C867-4D5D-A063-8C08CBDDF69D}.Release|x86.ActiveCfg = Release|Any CPU
		{02D954CE-C867-4D5D-A063-8C08CBDDF69D}.Release|x86.Build.0 = Release|Any CPU
		{AF1183C0-C15C-41DF-849C-F63092810A19}.Debug|Any CPU.ActiveCfg = Debug|Any CPU
		{AF1183C0-C15C-41DF-849C-F63092810A19}.Debug|Any CPU.Build.0 = Debug|Any CPU
		{AF1183C0-C15C-41DF-849C-F63092810A19}.Debug|x86.ActiveCfg = Debug|Any CPU
		{AF1183C0-C15C-41DF-849C-F63092810A19}.Debug|x86.Build.0 = Debug|Any CPU
		{AF1183C0-C15C-41DF-849C-F63092810A19}.Release|Any CPU.ActiveCfg = Release|Any CPU
		{AF1183C0-C15C-41DF-849C-F63092810A19}.Release|Any CPU.Build.0 = Release|Any CPU
		{AF1183C0-C15C-41DF-849C-F63092810A19}.Release|x86.ActiveCfg = Release|Any CPU
		{AF1183C0-C15C-41DF-849C-F63092810A19}.Release|x86.Build.0 = Release|Any CPU
		{7ABDF7EA-1296-4145-B667-03824513EC19}.Debug|Any CPU.ActiveCfg = Debug|Any CPU
		{7ABDF7EA-1296-4145-B667-03824513EC19}.Debug|Any CPU.Build.0 = Debug|Any CPU
		{7ABDF7EA-1296-4145-B667-03824513EC19}.Debug|x86.ActiveCfg = Debug|Any CPU
		{7ABDF7EA-1296-4145-B667-03824513EC19}.Debug|x86.Build.0 = Debug|Any CPU
		{7ABDF7EA-1296-4145-B667-03824513EC19}.Release|Any CPU.ActiveCfg = Release|Any CPU
		{7ABDF7EA-1296-4145-B667-03824513EC19}.Release|Any CPU.Build.0 = Release|Any CPU
		{7ABDF7EA-1296-4145-B667-03824513EC19}.Release|x86.ActiveCfg = Release|Any CPU
		{7ABDF7EA-1296-4145-B667-03824513EC19}.Release|x86.Build.0 = Release|Any CPU
		{1E6E0D37-EC23-4B14-839B-48110D379A26}.Debug|Any CPU.ActiveCfg = Debug|Any CPU
		{1E6E0D37-EC23-4B14-839B-48110D379A26}.Debug|Any CPU.Build.0 = Debug|Any CPU
		{1E6E0D37-EC23-4B14-839B-48110D379A26}.Debug|x86.ActiveCfg = Debug|Any CPU
		{1E6E0D37-EC23-4B14-839B-48110D379A26}.Debug|x86.Build.0 = Debug|Any CPU
		{1E6E0D37-EC23-4B14-839B-48110D379A26}.Release|Any CPU.ActiveCfg = Release|Any CPU
		{1E6E0D37-EC23-4B14-839B-48110D379A26}.Release|Any CPU.Build.0 = Release|Any CPU
		{1E6E0D37-EC23-4B14-839B-48110D379A26}.Release|x86.ActiveCfg = Release|Any CPU
		{1E6E0D37-EC23-4B14-839B-48110D379A26}.Release|x86.Build.0 = Release|Any CPU
		{78F6264D-D898-4ADB-B04E-313E7B40952A}.Debug|Any CPU.ActiveCfg = Debug|Any CPU
		{78F6264D-D898-4ADB-B04E-313E7B40952A}.Debug|Any CPU.Build.0 = Debug|Any CPU
		{78F6264D-D898-4ADB-B04E-313E7B40952A}.Debug|x86.ActiveCfg = Debug|Any CPU
		{78F6264D-D898-4ADB-B04E-313E7B40952A}.Debug|x86.Build.0 = Debug|Any CPU
		{78F6264D-D898-4ADB-B04E-313E7B40952A}.Release|Any CPU.ActiveCfg = Release|Any CPU
		{78F6264D-D898-4ADB-B04E-313E7B40952A}.Release|Any CPU.Build.0 = Release|Any CPU
		{78F6264D-D898-4ADB-B04E-313E7B40952A}.Release|x86.ActiveCfg = Release|Any CPU
		{78F6264D-D898-4ADB-B04E-313E7B40952A}.Release|x86.Build.0 = Release|Any CPU
		{B448F313-7C90-44A9-AF5D-8632D3A0B73F}.Debug|Any CPU.ActiveCfg = Debug|Any CPU
		{B448F313-7C90-44A9-AF5D-8632D3A0B73F}.Debug|Any CPU.Build.0 = Debug|Any CPU
		{B448F313-7C90-44A9-AF5D-8632D3A0B73F}.Debug|x86.ActiveCfg = Debug|Any CPU
		{B448F313-7C90-44A9-AF5D-8632D3A0B73F}.Debug|x86.Build.0 = Debug|Any CPU
		{B448F313-7C90-44A9-AF5D-8632D3A0B73F}.Release|Any CPU.ActiveCfg = Release|Any CPU
		{B448F313-7C90-44A9-AF5D-8632D3A0B73F}.Release|Any CPU.Build.0 = Release|Any CPU
		{B448F313-7C90-44A9-AF5D-8632D3A0B73F}.Release|x86.ActiveCfg = Release|Any CPU
		{B448F313-7C90-44A9-AF5D-8632D3A0B73F}.Release|x86.Build.0 = Release|Any CPU
	EndGlobalSection
	GlobalSection(SolutionProperties) = preSolution
		HideSolutionNode = FALSE
	EndGlobalSection
EndGlobal
